
Microsoft Visual Studio Solution File, Format Version 12.00
# Visual Studio 15
VisualStudioVersion = 15.0.27428.2037
MinimumVisualStudioVersion = 10.0.40219.1
Project("{FAE04EC0-301F-11D3-BF4B-00C04F79EFBC}") = "HakunaMatataWeb", "HakunaMatataWeb\HakunaMatataWeb.csproj", "{E4808966-5E1A-4100-A718-857ADBD11F91}"
EndProject
Project("{FAE04EC0-301F-11D3-BF4B-00C04F79EFBC}") = "HakunaMatataWeb.Data", "HakunaMatataWeb.Data\HakunaMatataWeb.Data.csproj", "{753079AB-6D84-4E5E-AF99-38F9EE9B3A55}"
EndProject
Project("{FAE04EC0-301F-11D3-BF4B-00C04F79EFBC}") = "HakunaMatataWeb.Utilities", "HakunaMatataWeb.Utilities\HakunaMatataWeb.Utilities.csproj", "{9E6A9A3E-FDC0-4733-BEDD-4887333592A4}"
EndProject
Project("{FAE04EC0-301F-11D3-BF4B-00C04F79EFBC}") = "HakunaMatataWeb.Services", "HakunaMatataWeb.Services\HakunaMatataWeb.Services.csproj", "{4FE26964-28EC-4751-9336-F622DEA23D4B}"
EndProject
Project("{FAE04EC0-301F-11D3-BF4B-00C04F79EFBC}") = "HakunaMatataWeb.Models", "HakunaMatataWeb.Models\HakunaMatataWeb.Models.csproj", "{FF1A9B16-03C0-4857-B0C1-F825D3B19A4E}"
EndProject
Global
	GlobalSection(SolutionConfigurationPlatforms) = preSolution
		Debug|Any CPU = Debug|Any CPU
		Release|Any CPU = Release|Any CPU
	EndGlobalSection
	GlobalSection(ProjectConfigurationPlatforms) = postSolution
		{E4808966-5E1A-4100-A718-857ADBD11F91}.Debug|Any CPU.ActiveCfg = Debug|Any CPU
		{E4808966-5E1A-4100-A718-857ADBD11F91}.Debug|Any CPU.Build.0 = Debug|Any CPU
		{E4808966-5E1A-4100-A718-857ADBD11F91}.Release|Any CPU.ActiveCfg = Release|Any CPU
		{E4808966-5E1A-4100-A718-857ADBD11F91}.Release|Any CPU.Build.0 = Release|Any CPU
		{753079AB-6D84-4E5E-AF99-38F9EE9B3A55}.Debug|Any CPU.ActiveCfg = Debug|Any CPU
		{753079AB-6D84-4E5E-AF99-38F9EE9B3A55}.Debug|Any CPU.Build.0 = Debug|Any CPU
		{753079AB-6D84-4E5E-AF99-38F9EE9B3A55}.Release|Any CPU.ActiveCfg = Release|Any CPU
		{753079AB-6D84-4E5E-AF99-38F9EE9B3A55}.Release|Any CPU.Build.0 = Release|Any CPU
		{9E6A9A3E-FDC0-4733-BEDD-4887333592A4}.Debug|Any CPU.ActiveCfg = Debug|Any CPU
		{9E6A9A3E-FDC0-4733-BEDD-4887333592A4}.Debug|Any CPU.Build.0 = Debug|Any CPU
		{9E6A9A3E-FDC0-4733-BEDD-4887333592A4}.Release|Any CPU.ActiveCfg = Release|Any CPU
		{9E6A9A3E-FDC0-4733-BEDD-4887333592A4}.Release|Any CPU.Build.0 = Release|Any CPU
		{4FE26964-28EC-4751-9336-F622DEA23D4B}.Debug|Any CPU.ActiveCfg = Debug|Any CPU
		{4FE26964-28EC-4751-9336-F622DEA23D4B}.Debug|Any CPU.Build.0 = Debug|Any CPU
		{4FE26964-28EC-4751-9336-F622DEA23D4B}.Release|Any CPU.ActiveCfg = Release|Any CPU
		{4FE26964-28EC-4751-9336-F622DEA23D4B}.Release|Any CPU.Build.0 = Release|Any CPU
		{FF1A9B16-03C0-4857-B0C1-F825D3B19A4E}.Debug|Any CPU.ActiveCfg = Debug|Any CPU
		{FF1A9B16-03C0-4857-B0C1-F825D3B19A4E}.Debug|Any CPU.Build.0 = Debug|Any CPU
		{FF1A9B16-03C0-4857-B0C1-F825D3B19A4E}.Release|Any CPU.ActiveCfg = Release|Any CPU
		{FF1A9B16-03C0-4857-B0C1-F825D3B19A4E}.Release|Any CPU.Build.0 = Release|Any CPU
	EndGlobalSection
	GlobalSection(SolutionProperties) = preSolution
		HideSolutionNode = FALSE
	EndGlobalSection
	GlobalSection(ExtensibilityGlobals) = postSolution
		SolutionGuid = {D9F96ED2-2924-43A9-82F0-A37EEE160B09}
	EndGlobalSection
EndGlobal
